705e24d384bb5f33e5c0a3efdd2ad321e74ce91a75445c9ab3a9725fa8176158 bin/env-integrity-sentry.cjs
8f11e5622e7b0b8df2b984dc35ecc2ce0245bd4d583cdfb6b087d12dbc1aeeaf lib/core/scanner.cjs
189ae2ffa056d208efe48089dd1ff6e76332cd9455187c2592c3438e6a057cfd lib/core/verifier.cjs
93786708c944b9a9102882f5713c6192a89a86981574014c0954f37474b0766f lib/core/swarm.cjs
4b82bf1add31482d3305a95cca4c2f52ee5257424600b21adc2930732209ac6d lib/core/policy.cjs
586a9b9f4f5aea6a7a3855f6925030d6ea4f1ecf874c6ba8e04a89d009d82bc0 lib/core/collector.cjs
9ffb4bea68ae0bbfeeb9c792ae5b41d6ef35ff9218353f94a0f42e37618a0a0b lib/utils.cjs
