19fd2f721e7ab9d3a1414b6229e37f73e261c8c2ba2d5ddb3744894aaba8a49f bin/env-integrity-sentry.cjs
25fd391777edad902a11a6b476bfe4733f64ed2710610b58818202fbdf63343c lib/core/scanner.cjs
be276958a31e2fb013dbd6908e8f8b7620846a43d5b6bffdb42ea14804e9f237 lib/core/verifier.cjs
93786708c944b9a9102882f5713c6192a89a86981574014c0954f37474b0766f lib/core/swarm.cjs
4b82bf1add31482d3305a95cca4c2f52ee5257424600b21adc2930732209ac6d lib/core/policy.cjs
586a9b9f4f5aea6a7a3855f6925030d6ea4f1ecf874c6ba8e04a89d009d82bc0 lib/core/collector.cjs
9ffb4bea68ae0bbfeeb9c792ae5b41d6ef35ff9218353f94a0f42e37618a0a0b lib/utils.cjs
